
Microsoft Visual Studio Solution File, Format Version 12.00
# Visual Studio Version 17
VisualStudioVersion = 17.5.002.0
MinimumVisualStudioVersion = 10.0.40219.1
Project("{9A19103F-16F7-4668-BE54-9A1E7A4F7556}") = "Biljke", "Biljke.csproj", "{91AA6766-CBA5-4297-AD51-5CF14064D604}"
EndProject
Global
	GlobalSection(SolutionConfigurationPlatforms) = preSolution
		Debug|Any CPU = Debug|Any CPU
		Release|Any CPU = Release|Any CPU
	EndGlobalSection
	GlobalSection(ProjectConfigurationPlatforms) = postSolution
		{91AA6766-CBA5-4297-AD51-5CF14064D604}.Debug|Any CPU.ActiveCfg = Debug|Any CPU
		{91AA6766-CBA5-4297-AD51-5CF14064D604}.Debug|Any CPU.Build.0 = Debug|Any CPU
		{91AA6766-CBA5-4297-AD51-5CF14064D604}.Release|Any CPU.ActiveCfg = Release|Any CPU
		{91AA6766-CBA5-4297-AD51-5CF14064D604}.Release|Any CPU.Build.0 = Release|Any CPU
	EndGlobalSection
	GlobalSection(SolutionProperties) = preSolution
		HideSolutionNode = FALSE
	EndGlobalSection
	GlobalSection(ExtensibilityGlobals) = postSolution
		SolutionGuid = {F6AF1C08-6515-47BF-8E4D-1CC715D3C8EB}
	EndGlobalSection
EndGlobal
